// !$*UTF8*$!
{
	archiveVersion = 1;
	classes = {
	};
	objectVersion = 46;
	objects = {

/* Begin PBXBuildFile section */
		3C027A571B687A1C00D084A5 /* FlexibleTableView.swift in Sources */ = {isa = PBXBuildFile; fileRef = 3C027A561B687A1C00D084A5 /* FlexibleTableView.swift */; };
		3C027A591B68A05D00D084A5 /* FlexibleTableViewCell.swift in Sources */ = {isa = PBXBuildFile; fileRef = 3C027A581B68A05D00D084A5 /* FlexibleTableViewCell.swift */; };
		3C7705A21B65CA18004A7ADE /* AppDelegate.swift in Sources */ = {isa = PBXBuildFile; fileRef = 3C7705A11B65CA18004A7ADE /* AppDelegate.swift */; };
		3C7705A41B65CA18004A7ADE /* ViewController.swift in Sources */ = {isa = PBXBuildFile; fileRef = 3C7705A31B65CA18004A7ADE /* ViewController.swift */; };
		3C7705AC1B65CA18004A7ADE /* LaunchScreen.xib in Resources */ = {isa = PBXBuildFile; fileRef = 3C7705AA1B65CA18004A7ADE /* LaunchScreen.xib */; };
/* End PBXBuildFile section */

/* Begin PBXFileReference section */
		3C027A561B687A1C00D084A5 /* FlexibleTableView.swift */ = {isa = PBXFileReference; fileEncoding = 4; lastKnownFileType = sourcecode.swift; path = FlexibleTableView.swift; sourceTree = "<group>"; };
		3C027A581B68A05D00D084A5 /* FlexibleTableViewCell.swift */ = {isa = PBXFileReference; fileEncoding = 4; lastKnownFileType = sourcecode.swift; path = FlexibleTableViewCell.swift; sourceTree = "<group>"; };
		3C77059C1B65CA18004A7ADE /* FlexibleTableView.app */ = {isa = PBXFileReference; explicitFileType = wrapper.application; includeInIndex = 0; path = FlexibleTableView.app; sourceTree = BUILT_PRODUCTS_DIR; };
		3C7705A01B65CA18004A7ADE /* Info.plist */ = {isa = PBXFileReference; lastKnownFileType = text.plist.xml; path = Info.plist; sourceTree = "<group>"; };
		3C7705A11B65CA18004A7ADE /* AppDelegate.swift */ = {isa = PBXFileReference; lastKnownFileType = sourcecode.swift; path = AppDelegate.swift; sourceTree = "<group>"; };
		3C7705A31B65CA18004A7ADE /* ViewController.swift */ = {isa = PBXFileReference; lastKnownFileType = sourcecode.swift; path = ViewController.swift; sourceTree = "<group>"; };
		3C7705AB1B65CA18004A7ADE /* Base */ = {isa = PBXFileReference; lastKnownFileType = file.xib; name = Base; path = Base.lproj/LaunchScreen.xib; sourceTree = "<group>"; };
/* End PBXFileReference section */

/* Begin PBXFrameworksBuildPhase section */
		3C7705991B65CA18004A7ADE /* Frameworks */ = {
			isa = PBXFrameworksBuildPhase;
			buildActionMask = 2147483647;
			files = (
			);
			runOnlyForDeploymentPostprocessing = 0;
		};
/* End PBXFrameworksBuildPhase section */

/* Begin PBXGroup section */
		3C027A551B6879D000D084A5 /* Source */ = {
			isa = PBXGroup;
			children = (
				3C027A561B687A1C00D084A5 /* FlexibleTableView.swift */,
				3C027A581B68A05D00D084A5 /* FlexibleTableViewCell.swift */,
			);
			path = Source;
			sourceTree = "<group>";
		};
		3C7705931B65CA18004A7ADE = {
			isa = PBXGroup;
			children = (
				3C027A551B6879D000D084A5 /* Source */,
				3C77059E1B65CA18004A7ADE /* FlexibleTableView */,
				3C77059D1B65CA18004A7ADE /* Products */,
			);
			sourceTree = "<group>";
		};
		3C77059D1B65CA18004A7ADE /* Products */ = {
			isa = PBXGroup;
			children = (
				3C77059C1B65CA18004A7ADE /* FlexibleTableView.app */,
			);
			name = Products;
			sourceTree = "<group>";
		};
		3C77059E1B65CA18004A7ADE /* FlexibleTableView */ = {
			isa = PBXGroup;
			children = (
				3C7705A11B65CA18004A7ADE /* AppDelegate.swift */,
				3C7705A31B65CA18004A7ADE /* ViewController.swift */,
				3C7705AA1B65CA18004A7ADE /* LaunchScreen.xib */,
				3C77059F1B65CA18004A7ADE /* Supporting Files */,
			);
			path = FlexibleTableView;
			sourceTree = "<group>";
		};
		3C77059F1B65CA18004A7ADE /* Supporting Files */ = {
			isa = PBXGroup;
			children = (
				3C7705A01B65CA18004A7ADE /* Info.plist */,
			);
			name = "Supporting Files";
			sourceTree = "<group>";
		};
/* End PBXGroup section */

/* Begin PBXNativeTarget section */
		3C77059B1B65CA18004A7ADE /* FlexibleTableView */ = {
			isa = PBXNativeTarget;
			buildConfigurationList = 3C7705BB1B65CA18004A7ADE /* Build configuration list for PBXNativeTarget "FlexibleTableView" */;
			buildPhases = (
				3C7705981B65CA18004A7ADE /* Sources */,
				3C7705991B65CA18004A7ADE /* Frameworks */,
				3C77059A1B65CA18004A7ADE /* Resources */,
			);
			buildRules = (
			);
			dependencies = (
			);
			name = FlexibleTableView;
			productName = FlexibleTableView;
			productReference = 3C77059C1B65CA18004A7ADE /* FlexibleTableView.app */;
			productType = "com.apple.product-type.application";
		};
/* End PBXNativeTarget section */

/* Begin PBXProject section */
		3C7705941B65CA18004A7ADE /* Project object */ = {
			isa = PBXProject;
			attributes = {
				LastUpgradeCheck = 0640;
				TargetAttributes = {
					3C77059B1B65CA18004A7ADE = {
						CreatedOnToolsVersion = 6.4;
					};
				};
			};
			buildConfigurationList = 3C7705971B65CA18004A7ADE /* Build configuration list for PBXProject "FlexibleTableView" */;
			compatibilityVersion = "Xcode 3.2";
			developmentRegion = English;
			hasScannedForEncodings = 0;
			knownRegions = (
				en,
				Base,
			);
			mainGroup = 3C7705931B65CA18004A7ADE;
			productRefGroup = 3C77059D1B65CA18004A7ADE /* Products */;
			projectDirPath = "";
			projectRoot = "";
			targets = (
				3C77059B1B65CA18004A7ADE /* FlexibleTableView */,
			);
		};
/* End PBXProject section */

/* Begin PBXResourcesBuildPhase section */
		3C77059A1B65CA18004A7ADE /* Resources */ = {
			isa = PBXResourcesBuildPhase;
			buildActionMask = 2147483647;
			files = (
				3C7705AC1B65CA18004A7ADE /* LaunchScreen.xib in Resources */,
			);
			runOnlyForDeploymentPostprocessing = 0;
		};
/* End PBXResourcesBuildPhase section */

/* Begin PBXSourcesBuildPhase section */
		3C7705981B65CA18004A7ADE /* Sources */ = {
			isa = PBXSourcesBuildPhase;
			buildActionMask = 2147483647;
			files = (
				3C027A591B68A05D00D084A5 /* FlexibleTableViewCell.swift in Sources */,
				3C7705A41B65CA18004A7ADE /* ViewController.swift in Sources */,
				3C7705A21B65CA18004A7ADE /* AppDelegate.swift in Sources */,
				3C027A571B687A1C00D084A5 /* FlexibleTableView.swift in Sources */,
			);
			runOnlyForDeploymentPostprocessing = 0;
		};
/* End PBXSourcesBuildPhase section */

/* Begin PBXVariantGroup section */
		3C7705AA1B65CA18004A7ADE /* LaunchScreen.xib */ = {
			isa = PBXVariantGroup;
			children = (
				3C7705AB1B65CA18004A7ADE /* Base */,
			);
			name = LaunchScreen.xib;
			sourceTree = "<group>";
		};
/* End PBXVariantGroup section */

/* Begin XCBuildConfiguration section */
		3C7705B91B65CA18004A7ADE /* Debug */ = {
			isa = XCBuildConfiguration;
			buildSettings = {
				ALWAYS_SEARCH_USER_PATHS = NO;
				CLANG_CXX_LANGUAGE_STANDARD = "gnu++0x";
				CLANG_CXX_LIBRARY = "libc++";
				CLANG_ENABLE_MODULES = YES;
				CLANG_ENABLE_OBJC_ARC = YES;
				CLANG_WARN_BOOL_CONVERSION = YES;
				CLANG_WARN_CONSTANT_CONVERSION = YES;
				CLANG_WARN_DIRECT_OBJC_ISA_USAGE = YES_ERROR;
				CLANG_WARN_EMPTY_BODY = YES;
				CLANG_WARN_ENUM_CONVERSION = YES;
				CLANG_WARN_INT_CONVERSION = YES;
				CLANG_WARN_OBJC_ROOT_CLASS = YES_ERROR;
				CLANG_WARN_UNREACHABLE_CODE = YES;
				CLANG_WARN__DUPLICATE_METHOD_MATCH = YES;
				"CODE_SIGN_IDENTITY[sdk=iphoneos*]" = "iPhone Developer";
				COPY_PHASE_STRIP = NO;
				DEBUG_INFORMATION_FORMAT = "dwarf-with-dsym";
				ENABLE_STRICT_OBJC_MSGSEND = YES;
				GCC_C_LANGUAGE_STANDARD = gnu99;
				GCC_DYNAMIC_NO_PIC = NO;
				GCC_NO_COMMON_BLOCKS = YES;
				GCC_OPTIMIZATION_LEVEL = 0;
				GCC_PREPROCESSOR_DEFINITIONS = (
					"DEBUG=1",
					"$(inherited)",
				);
				GCC_SYMBOLS_PRIVATE_EXTERN = NO;
				GCC_WARN_64_TO_32_BIT_CONVERSION = YES;
				GCC_WARN_ABOUT_RETURN_TYPE = YES_ERROR;
				GCC_WARN_UNDECLARED_SELECTOR = YES;
				GCC_WARN_UNINITIALIZED_AUTOS = YES_AGGRESSIVE;
				GCC_WARN_UNUSED_FUNCTION = YES;
				GCC_WARN_UNUSED_VARIABLE = YES;
				IPHONEOS_DEPLOYMENT_TARGET = 8.4;
				MTL_ENABLE_DEBUG_INFO = YES;
				ONLY_ACTIVE_ARCH = YES;
				SDKROOT = iphoneos;
				SWIFT_OPTIMIZATION_LEVEL = "-Onone";
				TARGETED_DEVICE_FAMILY = "1,2";
			};
			name = Debug;
		};
		3C7705BA1B65CA18004A7ADE /* Release */ = {
			isa = XCBuildConfiguration;
			buildSettings = {
				ALWAYS_SEARCH_USER_PATHS = NO;
				CLANG_CXX_LANGUAGE_STANDARD = "gnu++0x";
				CLANG_CXX_LIBRARY = "libc++";
				CLANG_ENABLE_MODULES = YES;
				CLANG_ENABLE_OBJC_ARC = YES;
				CLANG_WARN_BOOL_CONVERSION = YES;
				CLANG_WARN_CONSTANT_CONVERSION = YES;
				CLANG_WARN_DIRECT_OBJC_ISA_USAGE = YES_ERROR;
				CLANG_WARN_EMPTY_BODY = YES;
				CLANG_WARN_ENUM_CONVERSION = YES;
				CLANG_WARN_INT_CONVERSION = YES;
				CLANG_WARN_OBJC_ROOT_CLASS = YES_ERROR;
				CLANG_WARN_UNREACHABLE_CODE = YES;
				CLANG_WARN__DUPLICATE_METHOD_MATCH = YES;
				"CODE_SIGN_IDENTITY[sdk=iphoneos*]" = "iPhone Developer";
				COPY_PHASE_STRIP = NO;
				DEBUG_INFORMATION_FORMAT = "dwarf-with-dsym";
				ENABLE_NS_ASSERTIONS = NO;
				ENABLE_STRICT_OBJC_MSGSEND = YES;
				GCC_C_LANGUAGE_STANDARD = gnu99;
				GCC_NO_COMMON_BLOCKS = YES;
				GCC_WARN_64_TO_32_BIT_CONVERSION = YES;
				GCC_WARN_ABOUT_RETURN_TYPE = YES_ERROR;
				GCC_WARN_UNDECLARED_SELECTOR = YES;
				GCC_WARN_UNINITIALIZED_AUTOS = YES_AGGRESSIVE;
				GCC_WARN_UNUSED_FUNCTION = YES;
				GCC_WARN_UNUSED_VARIABLE = YES;
				IPHONEOS_DEPLOYMENT_TARGET = 8.4;
				MTL_ENABLE_DEBUG_INFO = NO;
				SDKROOT = iphoneos;
				TARGETED_DEVICE_FAMILY = "1,2";
				VALIDATE_PRODUCT = YES;
			};
			name = Release;
		};
		3C7705BC1B65CA18004A7ADE /* Debug */ = {
			isa = XCBuildConfiguration;
			buildSettings = {
				ASSETCATALOG_COMPILER_APPICON_NAME = AppIcon;
				INFOPLIST_FILE = FlexibleTableView/Info.plist;
				LD_RUNPATH_SEARCH_PATHS = "$(inherited) @executable_path/Frameworks";
				PRODUCT_NAME = "$(TARGET_NAME)";
			};
			name = Debug;
		};
		3C7705BD1B65CA18004A7ADE /* Release */ = {
			isa = XCBuildConfiguration;
			buildSettings = {
				ASSETCATALOG_COMPILER_APPICON_NAME = AppIcon;
				INFOPLIST_FILE = FlexibleTableView/Info.plist;
				LD_RUNPATH_SEARCH_PATHS = "$(inherited) @executable_path/Frameworks";
				PRODUCT_NAME = "$(TARGET_NAME)";
			};
			name = Release;
		};
/* End XCBuildConfiguration section */

/* Begin XCConfigurationList section */
		3C7705971B65CA18004A7ADE /* Build configuration list for PBXProject "FlexibleTableView" */ = {
			isa = XCConfigurationList;
			buildConfigurations = (
				3C7705B91B65CA18004A7ADE /* Debug */,
				3C7705BA1B65CA18004A7ADE /* Release */,
			);
			defaultConfigurationIsVisible = 0;
			defaultConfigurationName = Release;
		};
		3C7705BB1B65CA18004A7ADE /* Build configuration list for PBXNativeTarget "FlexibleTableView" */ = {
			isa = XCConfigurationList;
			buildConfigurations = (
				3C7705BC1B65CA18004A7ADE /* Debug */,
				3C7705BD1B65CA18004A7ADE /* Release */,
			);
			defaultConfigurationIsVisible = 0;
			defaultConfigurationName = Release;
		};
/* End XCConfigurationList section */
	};
	rootObject = 3C7705941B65CA18004A7ADE /* Project object */;
}
